
Microsoft Visual Studio Solution File, Format Version 12.00
# Visual Studio Version 16
VisualStudioVersion = 16.0.31729.503
MinimumVisualStudioVersion = 10.0.40219.1
Project("{FAE04EC0-301F-11D3-BF4B-00C04F79EFBC}") = "addressbook_tests_autoitx", "addressbook_tests_autoitx.csproj", "{0513BAC0-4AE6-4D28-A282-B6182838E793}"
EndProject
Global
	GlobalSection(SolutionConfigurationPlatforms) = preSolution
		Debug|Any CPU = Debug|Any CPU
		Release|Any CPU = Release|Any CPU
	EndGlobalSection
	GlobalSection(ProjectConfigurationPlatforms) = postSolution
		{0513BAC0-4AE6-4D28-A282-B6182838E793}.Debug|Any CPU.ActiveCfg = Debug|Any CPU
		{0513BAC0-4AE6-4D28-A282-B6182838E793}.Debug|Any CPU.Build.0 = Debug|Any CPU
		{0513BAC0-4AE6-4D28-A282-B6182838E793}.Release|Any CPU.ActiveCfg = Release|Any CPU
		{0513BAC0-4AE6-4D28-A282-B6182838E793}.Release|Any CPU.Build.0 = Release|Any CPU
	EndGlobalSection
	GlobalSection(SolutionProperties) = preSolution
		HideSolutionNode = FALSE
	EndGlobalSection
	GlobalSection(ExtensibilityGlobals) = postSolution
		SolutionGuid = {8DF44630-655A-4167-AF8E-491C138A547C}
	EndGlobalSection
EndGlobal
